
Microsoft Visual Studio Solution File, Format Version 12.00
# Visual Studio Version 17
VisualStudioVersion = 17.3.32901.215
MinimumVisualStudioVersion = 10.0.40219.1
Project("{FAE04EC0-301F-11D3-BF4B-00C04F79EFBC}") = "Tip Calculator", "Tip Calculator\Tip Calculator.csproj", "{84C0A422-087B-4AF5-8543-B148AB66F3C1}"
EndProject
Global
	GlobalSection(SolutionConfigurationPlatforms) = preSolution
		Debug|Any CPU = Debug|Any CPU
		Release|Any CPU = Release|Any CPU
	EndGlobalSection
	GlobalSection(ProjectConfigurationPlatforms) = postSolution
		{84C0A422-087B-4AF5-8543-B148AB66F3C1}.Debug|Any CPU.ActiveCfg = Debug|Any CPU
		{84C0A422-087B-4AF5-8543-B148AB66F3C1}.Debug|Any CPU.Build.0 = Debug|Any CPU
		{84C0A422-087B-4AF5-8543-B148AB66F3C1}.Release|Any CPU.ActiveCfg = Release|Any CPU
		{84C0A422-087B-4AF5-8543-B148AB66F3C1}.Release|Any CPU.Build.0 = Release|Any CPU
	EndGlobalSection
	GlobalSection(SolutionProperties) = preSolution
		HideSolutionNode = FALSE
	EndGlobalSection
	GlobalSection(ExtensibilityGlobals) = postSolution
		SolutionGuid = {D81C1407-65D1-46D3-891D-42489AAC799B}
	EndGlobalSection
EndGlobal
